
Microsoft Visual Studio Solution File, Format Version 12.00
# Visual Studio Version 17
VisualStudioVersion = 17.0.31903.59
MinimumVisualStudioVersion = 10.0.40219.1
Project("{2150E333-8FDC-42A3-9474-1A3956D46DE8}") = "src", "src", "{827E0CD3-B72D-47B6-A68D-7590B98EB39B}"
EndProject
Project("{FAE04EC0-301F-11D3-BF4B-00C04F79EFBC}") = "DifyApiClient", "src\DifyApiClient\DifyApiClient.csproj", "{2ECD8C12-52FC-479B-94C8-84530BF2B129}"
EndProject
Project("{2150E333-8FDC-42A3-9474-1A3956D46DE8}") = "tests", "tests", "{0AB3BF05-4346-4AA6-1389-037BE0695223}"
EndProject
Project("{FAE04EC0-301F-11D3-BF4B-00C04F79EFBC}") = "DifyApiClient.Tests", "tests\DifyApiClient.Tests\DifyApiClient.Tests.csproj", "{F9162E5E-711D-4690-B366-96346A6AEB99}"
EndProject
Project("{2150E333-8FDC-42A3-9474-1A3956D46DE8}") = "samples", "samples", "{5D20AA90-6969-D8BD-9DCD-8634F4692FDA}"
EndProject
Project("{FAE04EC0-301F-11D3-BF4B-00C04F79EFBC}") = "DifyApiClient.Samples", "samples\DifyApiClient.Samples\DifyApiClient.Samples.csproj", "{CA6D91CA-E2DE-4FA8-8647-22DBA43B06A6}"
EndProject
Global
	GlobalSection(SolutionConfigurationPlatforms) = preSolution
		Debug|Any CPU = Debug|Any CPU
		Debug|x64 = Debug|x64
		Debug|x86 = Debug|x86
		Release|Any CPU = Release|Any CPU
		Release|x64 = Release|x64
		Release|x86 = Release|x86
	EndGlobalSection
	GlobalSection(ProjectConfigurationPlatforms) = postSolution
		{2ECD8C12-52FC-479B-94C8-84530BF2B129}.Debug|Any CPU.ActiveCfg = Debug|Any CPU
		{2ECD8C12-52FC-479B-94C8-84530BF2B129}.Debug|Any CPU.Build.0 = Debug|Any CPU
		{2ECD8C12-52FC-479B-94C8-84530BF2B129}.Debug|x64.ActiveCfg = Debug|Any CPU
		{2ECD8C12-52FC-479B-94C8-84530BF2B129}.Debug|x64.Build.0 = Debug|Any CPU
		{2ECD8C12-52FC-479B-94C8-84530BF2B129}.Debug|x86.ActiveCfg = Debug|Any CPU
		{2ECD8C12-52FC-479B-94C8-84530BF2B129}.Debug|x86.Build.0 = Debug|Any CPU
		{2ECD8C12-52FC-479B-94C8-84530BF2B129}.Release|Any CPU.ActiveCfg = Release|Any CPU
		{2ECD8C12-52FC-479B-94C8-84530BF2B129}.Release|Any CPU.Build.0 = Release|Any CPU
		{2ECD8C12-52FC-479B-94C8-84530BF2B129}.Release|x64.ActiveCfg = Release|Any CPU
		{2ECD8C12-52FC-479B-94C8-84530BF2B129}.Release|x64.Build.0 = Release|Any CPU
		{2ECD8C12-52FC-479B-94C8-84530BF2B129}.Release|x86.ActiveCfg = Release|Any CPU
		{2ECD8C12-52FC-479B-94C8-84530BF2B129}.Release|x86.Build.0 = Release|Any CPU
		{F9162E5E-711D-4690-B366-96346A6AEB99}.Debug|Any CPU.ActiveCfg = Debug|Any CPU
		{F9162E5E-711D-4690-B366-96346A6AEB99}.Debug|Any CPU.Build.0 = Debug|Any CPU
		{F9162E5E-711D-4690-B366-96346A6AEB99}.Debug|x64.ActiveCfg = Debug|Any CPU
		{F9162E5E-711D-4690-B366-96346A6AEB99}.Debug|x64.Build.0 = Debug|Any CPU
		{F9162E5E-711D-4690-B366-96346A6AEB99}.Debug|x86.ActiveCfg = Debug|Any CPU
		{F9162E5E-711D-4690-B366-96346A6AEB99}.Debug|x86.Build.0 = Debug|Any CPU
		{F9162E5E-711D-4690-B366-96346A6AEB99}.Release|Any CPU.ActiveCfg = Release|Any CPU
		{F9162E5E-711D-4690-B366-96346A6AEB99}.Release|Any CPU.Build.0 = Release|Any CPU
		{F9162E5E-711D-4690-B366-96346A6AEB99}.Release|x64.ActiveCfg = Release|Any CPU
		{F9162E5E-711D-4690-B366-96346A6AEB99}.Release|x64.Build.0 = Release|Any CPU
		{F9162E5E-711D-4690-B366-96346A6AEB99}.Release|x86.ActiveCfg = Release|Any CPU
		{F9162E5E-711D-4690-B366-96346A6AEB99}.Release|x86.Build.0 = Release|Any CPU
		{CA6D91CA-E2DE-4FA8-8647-22DBA43B06A6}.Debug|Any CPU.ActiveCfg = Debug|Any CPU
		{CA6D91CA-E2DE-4FA8-8647-22DBA43B06A6}.Debug|Any CPU.Build.0 = Debug|Any CPU
		{CA6D91CA-E2DE-4FA8-8647-22DBA43B06A6}.Debug|x64.ActiveCfg = Debug|Any CPU
		{CA6D91CA-E2DE-4FA8-8647-22DBA43B06A6}.Debug|x64.Build.0 = Debug|Any CPU
		{CA6D91CA-E2DE-4FA8-8647-22DBA43B06A6}.Debug|x86.ActiveCfg = Debug|Any CPU
		{CA6D91CA-E2DE-4FA8-8647-22DBA43B06A6}.Debug|x86.Build.0 = Debug|Any CPU
		{CA6D91CA-E2DE-4FA8-8647-22DBA43B06A6}.Release|Any CPU.ActiveCfg = Release|Any CPU
		{CA6D91CA-E2DE-4FA8-8647-22DBA43B06A6}.Release|Any CPU.Build.0 = Release|Any CPU
		{CA6D91CA-E2DE-4FA8-8647-22DBA43B06A6}.Release|x64.ActiveCfg = Release|Any CPU
		{CA6D91CA-E2DE-4FA8-8647-22DBA43B06A6}.Release|x64.Build.0 = Release|Any CPU
		{CA6D91CA-E2DE-4FA8-8647-22DBA43B06A6}.Release|x86.ActiveCfg = Release|Any CPU
		{CA6D91CA-E2DE-4FA8-8647-22DBA43B06A6}.Release|x86.Build.0 = Release|Any CPU
	EndGlobalSection
	GlobalSection(SolutionProperties) = preSolution
		HideSolutionNode = FALSE
	EndGlobalSection
	GlobalSection(NestedProjects) = preSolution
		{2ECD8C12-52FC-479B-94C8-84530BF2B129} = {827E0CD3-B72D-47B6-A68D-7590B98EB39B}
		{F9162E5E-711D-4690-B366-96346A6AEB99} = {0AB3BF05-4346-4AA6-1389-037BE0695223}
		{CA6D91CA-E2DE-4FA8-8647-22DBA43B06A6} = {5D20AA90-6969-D8BD-9DCD-8634F4692FDA}
	EndGlobalSection
EndGlobal
